
Microsoft Visual Studio Solution File, Format Version 12.00
# Visual Studio Version 17
VisualStudioVersion = 17.3.32515.56
MinimumVisualStudioVersion = 10.0.40219.1
Project("{FAE04EC0-301F-11D3-BF4B-00C04F79EFBC}") = "LoggingSampleClient", "LoggingSampleClient\LoggingSampleClient.csproj", "{F2C5F700-9195-4898-9E66-CB7E911A8DFE}"
EndProject
Global
	GlobalSection(SolutionConfigurationPlatforms) = preSolution
		Debug|Any CPU = Debug|Any CPU
		Release|Any CPU = Release|Any CPU
	EndGlobalSection
	GlobalSection(ProjectConfigurationPlatforms) = postSolution
		{F2C5F700-9195-4898-9E66-CB7E911A8DFE}.Debug|Any CPU.ActiveCfg = Debug|Any CPU
		{F2C5F700-9195-4898-9E66-CB7E911A8DFE}.Debug|Any CPU.Build.0 = Debug|Any CPU
		{F2C5F700-9195-4898-9E66-CB7E911A8DFE}.Release|Any CPU.ActiveCfg = Release|Any CPU
		{F2C5F700-9195-4898-9E66-CB7E911A8DFE}.Release|Any CPU.Build.0 = Release|Any CPU
	EndGlobalSection
	GlobalSection(SolutionProperties) = preSolution
		HideSolutionNode = FALSE
	EndGlobalSection
	GlobalSection(ExtensibilityGlobals) = postSolution
		SolutionGuid = {8FEE394E-0EB1-4134-A878-742747A0DB20}
	EndGlobalSection
EndGlobal
