
Microsoft Visual Studio Solution File, Format Version 12.00
# Visual Studio Version 17
VisualStudioVersion = 17.4.33205.214
MinimumVisualStudioVersion = 10.0.40219.1
Project("{9A19103F-16F7-4668-BE54-9A1E7A4F7556}") = "Client", "Client\Client.csproj", "{F8D3FD74-1948-4948-A382-BD2D6ED752C8}"
EndProject
Project("{9A19103F-16F7-4668-BE54-9A1E7A4F7556}") = "Idp", "Idp\Idp.csproj", "{695BD62A-30ED-4ED5-87F1-78BAF7ED3138}"
EndProject
Project("{9A19103F-16F7-4668-BE54-9A1E7A4F7556}") = "Service", "Service\Service.csproj", "{2B7CDDE9-0AFD-4AD2-8DFC-0EE537C6C7B8}"
EndProject
Global
	GlobalSection(SolutionConfigurationPlatforms) = preSolution
		Debug|Any CPU = Debug|Any CPU
		Release|Any CPU = Release|Any CPU
	EndGlobalSection
	GlobalSection(ProjectConfigurationPlatforms) = postSolution
		{F8D3FD74-1948-4948-A382-BD2D6ED752C8}.Debug|Any CPU.ActiveCfg = Debug|Any CPU
		{F8D3FD74-1948-4948-A382-BD2D6ED752C8}.Debug|Any CPU.Build.0 = Debug|Any CPU
		{F8D3FD74-1948-4948-A382-BD2D6ED752C8}.Release|Any CPU.ActiveCfg = Release|Any CPU
		{F8D3FD74-1948-4948-A382-BD2D6ED752C8}.Release|Any CPU.Build.0 = Release|Any CPU
		{695BD62A-30ED-4ED5-87F1-78BAF7ED3138}.Debug|Any CPU.ActiveCfg = Debug|Any CPU
		{695BD62A-30ED-4ED5-87F1-78BAF7ED3138}.Debug|Any CPU.Build.0 = Debug|Any CPU
		{695BD62A-30ED-4ED5-87F1-78BAF7ED3138}.Release|Any CPU.ActiveCfg = Release|Any CPU
		{695BD62A-30ED-4ED5-87F1-78BAF7ED3138}.Release|Any CPU.Build.0 = Release|Any CPU
		{2B7CDDE9-0AFD-4AD2-8DFC-0EE537C6C7B8}.Debug|Any CPU.ActiveCfg = Debug|Any CPU
		{2B7CDDE9-0AFD-4AD2-8DFC-0EE537C6C7B8}.Debug|Any CPU.Build.0 = Debug|Any CPU
		{2B7CDDE9-0AFD-4AD2-8DFC-0EE537C6C7B8}.Release|Any CPU.ActiveCfg = Release|Any CPU
		{2B7CDDE9-0AFD-4AD2-8DFC-0EE537C6C7B8}.Release|Any CPU.Build.0 = Release|Any CPU
	EndGlobalSection
	GlobalSection(SolutionProperties) = preSolution
		HideSolutionNode = FALSE
	EndGlobalSection
	GlobalSection(ExtensibilityGlobals) = postSolution
		SolutionGuid = {7B4EA383-98B2-44EC-B868-5030B9430698}
	EndGlobalSection
EndGlobal
